{
  "name": "zx-scripts",
  "version": "1.0.0",
  "lockfileVersion": 3,
  "requires": true,
  "packages": {
    "": {
      "name": "zx-scripts",
      "version": "1.0.0",
      "license": "ISC",
      "dependencies": {
        "zx": "^8.7.0"
      }
    },
    "node_modules/zx": {
      "version": "8.7.0",
      "resolved": "https://registry.npmjs.org/zx/-/zx-8.7.0.tgz",
      "integrity": "sha512-pArftqj5JV/er8p+czFZwF+k6SbCldl7kcfCR+rIiDIh3gUsLB0F3Xh05diP8PzToZ39D/GWeFoVFimjHQkbAg==",
      "license": "Apache-2.0",
      "bin": {
        "zx": "build/cli.js"
      },
      "engines": {
        "node": ">= 12.17.0"
      }
    }
  }
}
